
Microsoft Visual Studio Solution File, Format Version 12.00
# Visual Studio Version 17
VisualStudioVersion = 17.8.34322.80
MinimumVisualStudioVersion = 10.0.40219.1
Project("{FAE04EC0-301F-11D3-BF4B-00C04F79EFBC}") = "ASP_Meeting_2", "ASP_Meeting_2\ASP_Meeting_2.csproj", "{044D2920-28B9-4707-AD76-DB38B91777ED}"
EndProject
Global
	GlobalSection(SolutionConfigurationPlatforms) = preSolution
		Debug|Any CPU = Debug|Any CPU
		Release|Any CPU = Release|Any CPU
	EndGlobalSection
	GlobalSection(ProjectConfigurationPlatforms) = postSolution
		{044D2920-28B9-4707-AD76-DB38B91777ED}.Debug|Any CPU.ActiveCfg = Debug|Any CPU
		{044D2920-28B9-4707-AD76-DB38B91777ED}.Debug|Any CPU.Build.0 = Debug|Any CPU
		{044D2920-28B9-4707-AD76-DB38B91777ED}.Release|Any CPU.ActiveCfg = Release|Any CPU
		{044D2920-28B9-4707-AD76-DB38B91777ED}.Release|Any CPU.Build.0 = Release|Any CPU
	EndGlobalSection
	GlobalSection(SolutionProperties) = preSolution
		HideSolutionNode = FALSE
	EndGlobalSection
	GlobalSection(ExtensibilityGlobals) = postSolution
		SolutionGuid = {991E48B7-8CB4-4F85-9476-E9C91875DFA0}
	EndGlobalSection
EndGlobal
